
Microsoft Visual Studio Solution File, Format Version 12.00
# Visual Studio Version 17
VisualStudioVersion = 17.14.36511.14 d17.14
MinimumVisualStudioVersion = 10.0.40219.1
Project("{FAE04EC0-301F-11D3-BF4B-00C04F79EFBC}") = "fs-2025-assessment-1-71757", "fs-2025-assessment-1-71757\fs-2025-assessment-1-71757.csproj", "{46733CED-0791-4E3C-AEC2-B6BB28E5FD01}"
EndProject
Global
	GlobalSection(SolutionConfigurationPlatforms) = preSolution
		Debug|Any CPU = Debug|Any CPU
		Release|Any CPU = Release|Any CPU
	EndGlobalSection
	GlobalSection(ProjectConfigurationPlatforms) = postSolution
		{46733CED-0791-4E3C-AEC2-B6BB28E5FD01}.Debug|Any CPU.ActiveCfg = Debug|Any CPU
		{46733CED-0791-4E3C-AEC2-B6BB28E5FD01}.Debug|Any CPU.Build.0 = Debug|Any CPU
		{46733CED-0791-4E3C-AEC2-B6BB28E5FD01}.Release|Any CPU.ActiveCfg = Release|Any CPU
		{46733CED-0791-4E3C-AEC2-B6BB28E5FD01}.Release|Any CPU.Build.0 = Release|Any CPU
	EndGlobalSection
	GlobalSection(SolutionProperties) = preSolution
		HideSolutionNode = FALSE
	EndGlobalSection
	GlobalSection(ExtensibilityGlobals) = postSolution
		SolutionGuid = {AA202C95-6D37-4501-A031-45D6C0B9D9AE}
	EndGlobalSection
EndGlobal
