
Microsoft Visual Studio Solution File, Format Version 12.00
Project("{FAE04EC0-301F-11D3-BF4B-00C04F79EFBC}") = "fs-2025-assessment-1-71757", "fs-2025-assessment-1-71757\fs-2025-assessment-1-71757.csproj", "{182EF7DD-2598-4BE5-A3C2-E9FD7B74EBC6}"
EndProject
Global
	GlobalSection(SolutionConfigurationPlatforms) = preSolution
		Debug|Any CPU = Debug|Any CPU
		Release|Any CPU = Release|Any CPU
	EndGlobalSection
	GlobalSection(ProjectConfigurationPlatforms) = postSolution
		{182EF7DD-2598-4BE5-A3C2-E9FD7B74EBC6}.Debug|Any CPU.ActiveCfg = Debug|Any CPU
		{182EF7DD-2598-4BE5-A3C2-E9FD7B74EBC6}.Debug|Any CPU.Build.0 = Debug|Any CPU
		{182EF7DD-2598-4BE5-A3C2-E9FD7B74EBC6}.Release|Any CPU.ActiveCfg = Release|Any CPU
		{182EF7DD-2598-4BE5-A3C2-E9FD7B74EBC6}.Release|Any CPU.Build.0 = Release|Any CPU
	EndGlobalSection
EndGlobal
